
Microsoft Visual Studio Solution File, Format Version 12.00
# Visual Studio 2012
Project("{FAE04EC0-301F-11D3-BF4B-00C04F79EFBC}") = "Vanki", "Vanki\Vanki.csproj", "{E0F251C0-50CD-4C68-ADDA-22E8EF3C76D5}"
EndProject
Project("{FAE04EC0-301F-11D3-BF4B-00C04F79EFBC}") = "Test", "Test\Test.csproj", "{DDC378F5-FCB5-467C-82ED-60262D1A3243}"
EndProject
Project("{FAE04EC0-301F-11D3-BF4B-00C04F79EFBC}") = "Storage", "Storage\Storage.csproj", "{85D1280D-070E-4C09-9A40-AC4E5E43F469}"
EndProject
Project("{FAE04EC0-301F-11D3-BF4B-00C04F79EFBC}") = "Deck", "Deck\Deck.csproj", "{238B947B-C132-4BE9-8D5B-72CEBCE996DE}"
EndProject
Project("{FAE04EC0-301F-11D3-BF4B-00C04F79EFBC}") = "UserInterface", "UserInterface\UserInterface.csproj", "{4E93AFA4-5971-453B-A759-27FC2E549518}"
EndProject
Project("{2150E333-8FDC-42A3-9474-1A3956D46DE8}") = "FrontEnds", "FrontEnds", "{41B00B6A-C515-4270-AEA1-C0A5A73A6CE9}"
EndProject
Project("{2150E333-8FDC-42A3-9474-1A3956D46DE8}") = "ServicesImpl", "ServicesImpl", "{8D9726D3-58C8-4CAF-B4F4-21CAD81A8150}"
EndProject
Project("{2150E333-8FDC-42A3-9474-1A3956D46DE8}") = "Testing", "Testing", "{F2BBA278-B718-459F-9060-8CB9FF67E2F0}"
EndProject
Project("{2150E333-8FDC-42A3-9474-1A3956D46DE8}") = "APIs", "APIs", "{16B1111A-BB6F-406A-A68C-6D53E06A4F73}"
EndProject
Project("{FAE04EC0-301F-11D3-BF4B-00C04F79EFBC}") = "DeckAPI", "DeckAPI\DeckAPI.csproj", "{1CC609B4-622A-49C4-B1F8-C64D5D7D69B9}"
EndProject
Global
	GlobalSection(SolutionConfigurationPlatforms) = preSolution
		Debug|x86 = Debug|x86
		Release|x86 = Release|x86
	EndGlobalSection
	GlobalSection(ProjectConfigurationPlatforms) = postSolution
		{DDC378F5-FCB5-467C-82ED-60262D1A3243}.Debug|x86.ActiveCfg = Debug|Any CPU
		{DDC378F5-FCB5-467C-82ED-60262D1A3243}.Debug|x86.Build.0 = Debug|Any CPU
		{DDC378F5-FCB5-467C-82ED-60262D1A3243}.Release|x86.ActiveCfg = Release|Any CPU
		{DDC378F5-FCB5-467C-82ED-60262D1A3243}.Release|x86.Build.0 = Release|Any CPU
		{E0F251C0-50CD-4C68-ADDA-22E8EF3C76D5}.Debug|x86.ActiveCfg = Debug|x86
		{E0F251C0-50CD-4C68-ADDA-22E8EF3C76D5}.Debug|x86.Build.0 = Debug|x86
		{E0F251C0-50CD-4C68-ADDA-22E8EF3C76D5}.Release|x86.ActiveCfg = Release|x86
		{E0F251C0-50CD-4C68-ADDA-22E8EF3C76D5}.Release|x86.Build.0 = Release|x86
		{85D1280D-070E-4C09-9A40-AC4E5E43F469}.Debug|x86.ActiveCfg = Debug|Any CPU
		{85D1280D-070E-4C09-9A40-AC4E5E43F469}.Debug|x86.Build.0 = Debug|Any CPU
		{85D1280D-070E-4C09-9A40-AC4E5E43F469}.Release|x86.ActiveCfg = Release|Any CPU
		{85D1280D-070E-4C09-9A40-AC4E5E43F469}.Release|x86.Build.0 = Release|Any CPU
		{238B947B-C132-4BE9-8D5B-72CEBCE996DE}.Debug|x86.ActiveCfg = Debug|Any CPU
		{238B947B-C132-4BE9-8D5B-72CEBCE996DE}.Debug|x86.Build.0 = Debug|Any CPU
		{238B947B-C132-4BE9-8D5B-72CEBCE996DE}.Release|x86.ActiveCfg = Release|Any CPU
		{238B947B-C132-4BE9-8D5B-72CEBCE996DE}.Release|x86.Build.0 = Release|Any CPU
		{4E93AFA4-5971-453B-A759-27FC2E549518}.Debug|x86.ActiveCfg = Debug|x86
		{4E93AFA4-5971-453B-A759-27FC2E549518}.Debug|x86.Build.0 = Debug|x86
		{4E93AFA4-5971-453B-A759-27FC2E549518}.Release|x86.ActiveCfg = Release|x86
		{4E93AFA4-5971-453B-A759-27FC2E549518}.Release|x86.Build.0 = Release|x86
		{1CC609B4-622A-49C4-B1F8-C64D5D7D69B9}.Debug|x86.ActiveCfg = Debug|Any CPU
		{1CC609B4-622A-49C4-B1F8-C64D5D7D69B9}.Debug|x86.Build.0 = Debug|Any CPU
		{1CC609B4-622A-49C4-B1F8-C64D5D7D69B9}.Release|x86.ActiveCfg = Release|Any CPU
		{1CC609B4-622A-49C4-B1F8-C64D5D7D69B9}.Release|x86.Build.0 = Release|Any CPU
	EndGlobalSection
	GlobalSection(NestedProjects) = preSolution
		{4E93AFA4-5971-453B-A759-27FC2E549518} = {41B00B6A-C515-4270-AEA1-C0A5A73A6CE9}
		{E0F251C0-50CD-4C68-ADDA-22E8EF3C76D5} = {41B00B6A-C515-4270-AEA1-C0A5A73A6CE9}
		{238B947B-C132-4BE9-8D5B-72CEBCE996DE} = {8D9726D3-58C8-4CAF-B4F4-21CAD81A8150}
		{85D1280D-070E-4C09-9A40-AC4E5E43F469} = {8D9726D3-58C8-4CAF-B4F4-21CAD81A8150}
		{DDC378F5-FCB5-467C-82ED-60262D1A3243} = {F2BBA278-B718-459F-9060-8CB9FF67E2F0}
		{1CC609B4-622A-49C4-B1F8-C64D5D7D69B9} = {16B1111A-BB6F-406A-A68C-6D53E06A4F73}
	EndGlobalSection
EndGlobal
