
Microsoft Visual Studio Solution File, Format Version 12.00
# Visual Studio 2012
Project("{FAE04EC0-301F-11D3-BF4B-00C04F79EFBC}") = "Vanki", "Vanki\Vanki.csproj", "{E0F251C0-50CD-4C68-ADDA-22E8EF3C76D5}"
EndProject
Project("{FAE04EC0-301F-11D3-BF4B-00C04F79EFBC}") = "Test", "Test\Test.csproj", "{DDC378F5-FCB5-467C-82ED-60262D1A3243}"
EndProject
Project("{FAE04EC0-301F-11D3-BF4B-00C04F79EFBC}") = "Storage", "Storage\Storage.csproj", "{85D1280D-070E-4C09-9A40-AC4E5E43F469}"
EndProject
Project("{FAE04EC0-301F-11D3-BF4B-00C04F79EFBC}") = "Deck", "Deck\Deck.csproj", "{238B947B-C132-4BE9-8D5B-72CEBCE996DE}"
EndProject
Project("{FAE04EC0-301F-11D3-BF4B-00C04F79EFBC}") = "InteractiveCommandLine", "UserInterface\InteractiveCommandLine.csproj", "{4E93AFA4-5971-453B-A759-27FC2E549518}"
EndProject
Project("{2150E333-8FDC-42A3-9474-1A3956D46DE8}") = "FrontEnds", "FrontEnds", "{41B00B6A-C515-4270-AEA1-C0A5A73A6CE9}"
EndProject
Project("{2150E333-8FDC-42A3-9474-1A3956D46DE8}") = "ServicesImpl", "ServicesImpl", "{8D9726D3-58C8-4CAF-B4F4-21CAD81A8150}"
EndProject
Project("{2150E333-8FDC-42A3-9474-1A3956D46DE8}") = "Testing", "Testing", "{F2BBA278-B718-459F-9060-8CB9FF67E2F0}"
EndProject
Project("{2150E333-8FDC-42A3-9474-1A3956D46DE8}") = "APIs", "APIs", "{16B1111A-BB6F-406A-A68C-6D53E06A4F73}"
EndProject
Project("{FAE04EC0-301F-11D3-BF4B-00C04F79EFBC}") = "DeckAPI", "DeckAPI\DeckAPI.csproj", "{1CC609B4-622A-49C4-B1F8-C64D5D7D69B9}"
EndProject
Project("{2150E333-8FDC-42A3-9474-1A3956D46DE8}") = "Infrastructure", "Infrastructure", "{CAAED101-D485-4AAC-B56A-7A7BEE78D029}"
EndProject
Project("{FAE04EC0-301F-11D3-BF4B-00C04F79EFBC}") = "Orchestration", "ServiceOrchestration\Orchestration.csproj", "{D3A446B0-49CF-4987-8A0B-3FED7712BBA0}"
EndProject
Project("{FAE04EC0-301F-11D3-BF4B-00C04F79EFBC}") = "UserInterfaceAPI", "DeckAPI\UserInterfaceAPI\UserInterfaceAPI.csproj", "{0A989CD8-94C2-45E6-B6A9-48CF518689AC}"
EndProject
Project("{FAE04EC0-301F-11D3-BF4B-00C04F79EFBC}") = "StorageAPI", "DeckAPI\StorageAPI\StorageAPI.csproj", "{4E5BC538-6483-4307-B65B-D40D81A6E343}"
EndProject
Project("{FAE04EC0-301F-11D3-BF4B-00C04F79EFBC}") = "RandomAPI", "DeckAPI\RandomAPI\RandomAPI.csproj", "{6BE15460-EDA9-4BEC-8D48-B2AA0CA10D28}"
EndProject
Project("{FAE04EC0-301F-11D3-BF4B-00C04F79EFBC}") = "Random", "Random\Random.csproj", "{2F13D869-9FCE-4FA3-8E7F-D26C482E71F4}"
EndProject
Global
	GlobalSection(SolutionConfigurationPlatforms) = preSolution
		Debug|x86 = Debug|x86
		Release|x86 = Release|x86
	EndGlobalSection
	GlobalSection(ProjectConfigurationPlatforms) = postSolution
		{DDC378F5-FCB5-467C-82ED-60262D1A3243}.Debug|x86.ActiveCfg = Debug|Any CPU
		{DDC378F5-FCB5-467C-82ED-60262D1A3243}.Debug|x86.Build.0 = Debug|Any CPU
		{DDC378F5-FCB5-467C-82ED-60262D1A3243}.Release|x86.ActiveCfg = Release|Any CPU
		{DDC378F5-FCB5-467C-82ED-60262D1A3243}.Release|x86.Build.0 = Release|Any CPU
		{E0F251C0-50CD-4C68-ADDA-22E8EF3C76D5}.Debug|x86.ActiveCfg = Debug|x86
		{E0F251C0-50CD-4C68-ADDA-22E8EF3C76D5}.Debug|x86.Build.0 = Debug|x86
		{E0F251C0-50CD-4C68-ADDA-22E8EF3C76D5}.Release|x86.ActiveCfg = Release|x86
		{E0F251C0-50CD-4C68-ADDA-22E8EF3C76D5}.Release|x86.Build.0 = Release|x86
		{85D1280D-070E-4C09-9A40-AC4E5E43F469}.Debug|x86.ActiveCfg = Debug|Any CPU
		{85D1280D-070E-4C09-9A40-AC4E5E43F469}.Debug|x86.Build.0 = Debug|Any CPU
		{85D1280D-070E-4C09-9A40-AC4E5E43F469}.Release|x86.ActiveCfg = Release|Any CPU
		{85D1280D-070E-4C09-9A40-AC4E5E43F469}.Release|x86.Build.0 = Release|Any CPU
		{238B947B-C132-4BE9-8D5B-72CEBCE996DE}.Debug|x86.ActiveCfg = Debug|Any CPU
		{238B947B-C132-4BE9-8D5B-72CEBCE996DE}.Debug|x86.Build.0 = Debug|Any CPU
		{238B947B-C132-4BE9-8D5B-72CEBCE996DE}.Release|x86.ActiveCfg = Release|Any CPU
		{238B947B-C132-4BE9-8D5B-72CEBCE996DE}.Release|x86.Build.0 = Release|Any CPU
		{4E93AFA4-5971-453B-A759-27FC2E549518}.Debug|x86.ActiveCfg = Debug|x86
		{4E93AFA4-5971-453B-A759-27FC2E549518}.Debug|x86.Build.0 = Debug|x86
		{4E93AFA4-5971-453B-A759-27FC2E549518}.Release|x86.ActiveCfg = Release|x86
		{4E93AFA4-5971-453B-A759-27FC2E549518}.Release|x86.Build.0 = Release|x86
		{1CC609B4-622A-49C4-B1F8-C64D5D7D69B9}.Debug|x86.ActiveCfg = Debug|Any CPU
		{1CC609B4-622A-49C4-B1F8-C64D5D7D69B9}.Debug|x86.Build.0 = Debug|Any CPU
		{1CC609B4-622A-49C4-B1F8-C64D5D7D69B9}.Release|x86.ActiveCfg = Release|Any CPU
		{1CC609B4-622A-49C4-B1F8-C64D5D7D69B9}.Release|x86.Build.0 = Release|Any CPU
		{D3A446B0-49CF-4987-8A0B-3FED7712BBA0}.Debug|x86.ActiveCfg = Debug|Any CPU
		{D3A446B0-49CF-4987-8A0B-3FED7712BBA0}.Debug|x86.Build.0 = Debug|Any CPU
		{D3A446B0-49CF-4987-8A0B-3FED7712BBA0}.Release|x86.ActiveCfg = Release|Any CPU
		{D3A446B0-49CF-4987-8A0B-3FED7712BBA0}.Release|x86.Build.0 = Release|Any CPU
		{0A989CD8-94C2-45E6-B6A9-48CF518689AC}.Debug|x86.ActiveCfg = Debug|Any CPU
		{0A989CD8-94C2-45E6-B6A9-48CF518689AC}.Debug|x86.Build.0 = Debug|Any CPU
		{0A989CD8-94C2-45E6-B6A9-48CF518689AC}.Release|x86.ActiveCfg = Release|Any CPU
		{0A989CD8-94C2-45E6-B6A9-48CF518689AC}.Release|x86.Build.0 = Release|Any CPU
		{4E5BC538-6483-4307-B65B-D40D81A6E343}.Debug|x86.ActiveCfg = Debug|Any CPU
		{4E5BC538-6483-4307-B65B-D40D81A6E343}.Debug|x86.Build.0 = Debug|Any CPU
		{4E5BC538-6483-4307-B65B-D40D81A6E343}.Release|x86.ActiveCfg = Release|Any CPU
		{4E5BC538-6483-4307-B65B-D40D81A6E343}.Release|x86.Build.0 = Release|Any CPU
		{6BE15460-EDA9-4BEC-8D48-B2AA0CA10D28}.Debug|x86.ActiveCfg = Debug|Any CPU
		{6BE15460-EDA9-4BEC-8D48-B2AA0CA10D28}.Debug|x86.Build.0 = Debug|Any CPU
		{6BE15460-EDA9-4BEC-8D48-B2AA0CA10D28}.Release|x86.ActiveCfg = Release|Any CPU
		{6BE15460-EDA9-4BEC-8D48-B2AA0CA10D28}.Release|x86.Build.0 = Release|Any CPU
		{2F13D869-9FCE-4FA3-8E7F-D26C482E71F4}.Debug|x86.ActiveCfg = Debug|Any CPU
		{2F13D869-9FCE-4FA3-8E7F-D26C482E71F4}.Debug|x86.Build.0 = Debug|Any CPU
		{2F13D869-9FCE-4FA3-8E7F-D26C482E71F4}.Release|x86.ActiveCfg = Release|Any CPU
		{2F13D869-9FCE-4FA3-8E7F-D26C482E71F4}.Release|x86.Build.0 = Release|Any CPU
	EndGlobalSection
	GlobalSection(NestedProjects) = preSolution
		{4E93AFA4-5971-453B-A759-27FC2E549518} = {41B00B6A-C515-4270-AEA1-C0A5A73A6CE9}
		{E0F251C0-50CD-4C68-ADDA-22E8EF3C76D5} = {41B00B6A-C515-4270-AEA1-C0A5A73A6CE9}
		{238B947B-C132-4BE9-8D5B-72CEBCE996DE} = {8D9726D3-58C8-4CAF-B4F4-21CAD81A8150}
		{85D1280D-070E-4C09-9A40-AC4E5E43F469} = {8D9726D3-58C8-4CAF-B4F4-21CAD81A8150}
		{DDC378F5-FCB5-467C-82ED-60262D1A3243} = {F2BBA278-B718-459F-9060-8CB9FF67E2F0}
		{1CC609B4-622A-49C4-B1F8-C64D5D7D69B9} = {16B1111A-BB6F-406A-A68C-6D53E06A4F73}
		{D3A446B0-49CF-4987-8A0B-3FED7712BBA0} = {CAAED101-D485-4AAC-B56A-7A7BEE78D029}
		{0A989CD8-94C2-45E6-B6A9-48CF518689AC} = {16B1111A-BB6F-406A-A68C-6D53E06A4F73}
		{4E5BC538-6483-4307-B65B-D40D81A6E343} = {16B1111A-BB6F-406A-A68C-6D53E06A4F73}
		{6BE15460-EDA9-4BEC-8D48-B2AA0CA10D28} = {16B1111A-BB6F-406A-A68C-6D53E06A4F73}
		{2F13D869-9FCE-4FA3-8E7F-D26C482E71F4} = {8D9726D3-58C8-4CAF-B4F4-21CAD81A8150}
	EndGlobalSection
EndGlobal
