
Microsoft Visual Studio Solution File, Format Version 12.00
# Visual Studio 2012
Project("{FAE04EC0-301F-11D3-BF4B-00C04F79EFBC}") = "Vanki", "Vanki\Vanki.csproj", "{E0F251C0-50CD-4C68-ADDA-22E8EF3C76D5}"
EndProject
Project("{FAE04EC0-301F-11D3-BF4B-00C04F79EFBC}") = "Test", "Test\Test.csproj", "{DDC378F5-FCB5-467C-82ED-60262D1A3243}"
EndProject
Project("{FAE04EC0-301F-11D3-BF4B-00C04F79EFBC}") = "Storage", "Storage\Storage.csproj", "{85D1280D-070E-4C09-9A40-AC4E5E43F469}"
EndProject
Project("{FAE04EC0-301F-11D3-BF4B-00C04F79EFBC}") = "Clock", "Clock\Clock.csproj", "{E1DA16D5-BDC3-49EC-833A-5EC0E9BF0D0E}"
EndProject
Global
	GlobalSection(SolutionConfigurationPlatforms) = preSolution
		Debug|x86 = Debug|x86
		Release|x86 = Release|x86
	EndGlobalSection
	GlobalSection(ProjectConfigurationPlatforms) = postSolution
		{DDC378F5-FCB5-467C-82ED-60262D1A3243}.Debug|x86.ActiveCfg = Debug|Any CPU
		{DDC378F5-FCB5-467C-82ED-60262D1A3243}.Debug|x86.Build.0 = Debug|Any CPU
		{DDC378F5-FCB5-467C-82ED-60262D1A3243}.Release|x86.ActiveCfg = Release|Any CPU
		{DDC378F5-FCB5-467C-82ED-60262D1A3243}.Release|x86.Build.0 = Release|Any CPU
		{E0F251C0-50CD-4C68-ADDA-22E8EF3C76D5}.Debug|x86.ActiveCfg = Debug|x86
		{E0F251C0-50CD-4C68-ADDA-22E8EF3C76D5}.Debug|x86.Build.0 = Debug|x86
		{E0F251C0-50CD-4C68-ADDA-22E8EF3C76D5}.Release|x86.ActiveCfg = Release|x86
		{E0F251C0-50CD-4C68-ADDA-22E8EF3C76D5}.Release|x86.Build.0 = Release|x86
		{85D1280D-070E-4C09-9A40-AC4E5E43F469}.Debug|x86.ActiveCfg = Debug|Any CPU
		{85D1280D-070E-4C09-9A40-AC4E5E43F469}.Debug|x86.Build.0 = Debug|Any CPU
		{85D1280D-070E-4C09-9A40-AC4E5E43F469}.Release|x86.ActiveCfg = Release|Any CPU
		{85D1280D-070E-4C09-9A40-AC4E5E43F469}.Release|x86.Build.0 = Release|Any CPU
		{E1DA16D5-BDC3-49EC-833A-5EC0E9BF0D0E}.Debug|x86.ActiveCfg = Debug|Any CPU
		{E1DA16D5-BDC3-49EC-833A-5EC0E9BF0D0E}.Debug|x86.Build.0 = Debug|Any CPU
		{E1DA16D5-BDC3-49EC-833A-5EC0E9BF0D0E}.Release|x86.ActiveCfg = Release|Any CPU
		{E1DA16D5-BDC3-49EC-833A-5EC0E9BF0D0E}.Release|x86.Build.0 = Release|Any CPU
	EndGlobalSection
EndGlobal
